
Microsoft Visual Studio Solution File, Format Version 12.00
# Visual Studio Version 17
VisualStudioVersion = 17.9.34902.65
MinimumVisualStudioVersion = 10.0.40219.1
Project("{FAE04EC0-301F-11D3-BF4B-00C04F79EFBC}") = "API-Teste", "API-Teste\API-Teste.csproj", "{5812C22E-2834-4FAF-B6B5-4760AAA48009}"
EndProject
Global
	GlobalSection(SolutionConfigurationPlatforms) = preSolution
		Debug|Any CPU = Debug|Any CPU
		Release|Any CPU = Release|Any CPU
	EndGlobalSection
	GlobalSection(ProjectConfigurationPlatforms) = postSolution
		{5812C22E-2834-4FAF-B6B5-4760AAA48009}.Debug|Any CPU.ActiveCfg = Debug|Any CPU
		{5812C22E-2834-4FAF-B6B5-4760AAA48009}.Debug|Any CPU.Build.0 = Debug|Any CPU
		{5812C22E-2834-4FAF-B6B5-4760AAA48009}.Release|Any CPU.ActiveCfg = Release|Any CPU
		{5812C22E-2834-4FAF-B6B5-4760AAA48009}.Release|Any CPU.Build.0 = Release|Any CPU
	EndGlobalSection
	GlobalSection(SolutionProperties) = preSolution
		HideSolutionNode = FALSE
	EndGlobalSection
	GlobalSection(ExtensibilityGlobals) = postSolution
		SolutionGuid = {8DF4CDF5-6422-4102-937A-F5D59EC73A72}
	EndGlobalSection
EndGlobal
